// !$*UTF8*$!
{
	archiveVersion = 1;
	classes = {
	};
	objectVersion = 55;
	objects = {

/* Begin PBXBuildFile section */
		BC456CFB28AAD9640061CBD7 /* SongDao+CoreDataClass.swift in Sources */ = {isa = PBXBuildFile; fileRef = BC456CFA28AAD9640061CBD7 /* SongDao+CoreDataClass.swift */; };
		BC456CFD28AAD9770061CBD7 /* SongDao+CoreDataProperties.swift in Sources */ = {isa = PBXBuildFile; fileRef = BC456CFC28AAD9770061CBD7 /* SongDao+CoreDataProperties.swift */; };
		BC60EFD928AAC02E00DD35DB /* SongsTableViewController.swift in Sources */ = {isa = PBXBuildFile; fileRef = BC60EFD828AAC02E00DD35DB /* SongsTableViewController.swift */; };
		BC60EFDC28AAC09500DD35DB /* Song.swift in Sources */ = {isa = PBXBuildFile; fileRef = BC60EFDB28AAC09500DD35DB /* Song.swift */; };
		BC60EFE528AAC55400DD35DB /* Model.swift in Sources */ = {isa = PBXBuildFile; fileRef = BC60EFE428AAC55400DD35DB /* Model.swift */; };
		BC60EFE728AAC59000DD35DB /* ModelFirebase.swift in Sources */ = {isa = PBXBuildFile; fileRef = BC60EFE628AAC59000DD35DB /* ModelFirebase.swift */; };
		BC60EFE928AACA1700DD35DB /* SongDetailsViewController.swift in Sources */ = {isa = PBXBuildFile; fileRef = BC60EFE828AACA1700DD35DB /* SongDetailsViewController.swift */; };
		BC60EFEE28AAD61200DD35DB /* DataModel.xcdatamodeld in Sources */ = {isa = PBXBuildFile; fileRef = BC60EFEC28AAD61200DD35DB /* DataModel.xcdatamodeld */; };
		BC65D68028AA995400DCECA1 /* AppDelegate.swift in Sources */ = {isa = PBXBuildFile; fileRef = BC65D67F28AA995400DCECA1 /* AppDelegate.swift */; };
		BC65D68228AA995400DCECA1 /* SceneDelegate.swift in Sources */ = {isa = PBXBuildFile; fileRef = BC65D68128AA995400DCECA1 /* SceneDelegate.swift */; };
		BC65D68C28AA995900DCECA1 /* Assets.xcassets in Resources */ = {isa = PBXBuildFile; fileRef = BC65D68B28AA995900DCECA1 /* Assets.xcassets */; };
		BC65D68F28AA995900DCECA1 /* Intro.storyboard in Resources */ = {isa = PBXBuildFile; fileRef = BC65D68D28AA995900DCECA1 /* Intro.storyboard */; };
		BCA642AB28B29638003F1F25 /* SongItem.swift in Sources */ = {isa = PBXBuildFile; fileRef = BCA642AA28B29638003F1F25 /* SongItem.swift */; };
		BCA642AD28B29644003F1F25 /* MixtapeItem.swift in Sources */ = {isa = PBXBuildFile; fileRef = BCA642AC28B29644003F1F25 /* MixtapeItem.swift */; };
		BCA642B028B3977D003F1F25 /* SwiftyGif in Frameworks */ = {isa = PBXBuildFile; productRef = BCA642AF28B3977D003F1F25 /* SwiftyGif */; };
		BCA642B228B397FD003F1F25 /* IntroViewController.swift in Sources */ = {isa = PBXBuildFile; fileRef = BCA642B128B397FD003F1F25 /* IntroViewController.swift */; };
		BCA8983528BBF370000BCC28 /* RSSelectionMenu in Frameworks */ = {isa = PBXBuildFile; productRef = BCA8983428BBF370000BCC28 /* RSSelectionMenu */; };
		BCA8983828BBF6AC000BCC28 /* iOSDropDown in Frameworks */ = {isa = PBXBuildFile; productRef = BCA8983728BBF6AC000BCC28 /* iOSDropDown */; };
		BCA8983B28BC040F000BCC28 /* FirebaseAnalytics in Frameworks */ = {isa = PBXBuildFile; productRef = BCA8983A28BC040F000BCC28 /* FirebaseAnalytics */; };
		BCA8983D28BC040F000BCC28 /* FirebaseAnalyticsOnDeviceConversion in Frameworks */ = {isa = PBXBuildFile; productRef = BCA8983C28BC040F000BCC28 /* FirebaseAnalyticsOnDeviceConversion */; };
		BCA8983F28BC040F000BCC28 /* FirebaseAnalyticsSwift in Frameworks */ = {isa = PBXBuildFile; productRef = BCA8983E28BC040F000BCC28 /* FirebaseAnalyticsSwift */; };
		BCA8984128BC040F000BCC28 /* FirebaseAnalyticsWithoutAdIdSupport in Frameworks */ = {isa = PBXBuildFile; productRef = BCA8984028BC040F000BCC28 /* FirebaseAnalyticsWithoutAdIdSupport */; };
		BCA8984328BC040F000BCC28 /* FirebaseAppCheck in Frameworks */ = {isa = PBXBuildFile; productRef = BCA8984228BC040F000BCC28 /* FirebaseAppCheck */; };
		BCA8984528BC040F000BCC28 /* FirebaseAppDistribution-Beta in Frameworks */ = {isa = PBXBuildFile; productRef = BCA8984428BC040F000BCC28 /* FirebaseAppDistribution-Beta */; };
		BCA8984728BC040F000BCC28 /* FirebaseAuth in Frameworks */ = {isa = PBXBuildFile; productRef = BCA8984628BC040F000BCC28 /* FirebaseAuth */; };
		BCA8984928BC040F000BCC28 /* FirebaseAuthCombine-Community in Frameworks */ = {isa = PBXBuildFile; productRef = BCA8984828BC040F000BCC28 /* FirebaseAuthCombine-Community */; };
		BCA8984B28BC040F000BCC28 /* FirebaseCrashlytics in Frameworks */ = {isa = PBXBuildFile; productRef = BCA8984A28BC040F000BCC28 /* FirebaseCrashlytics */; };
		BCA8984D28BC040F000BCC28 /* FirebaseDatabase in Frameworks */ = {isa = PBXBuildFile; productRef = BCA8984C28BC040F000BCC28 /* FirebaseDatabase */; };
		BCA8984F28BC040F000BCC28 /* FirebaseDatabaseSwift in Frameworks */ = {isa = PBXBuildFile; productRef = BCA8984E28BC040F000BCC28 /* FirebaseDatabaseSwift */; };
		BCA8985128BC040F000BCC28 /* FirebaseDynamicLinks in Frameworks */ = {isa = PBXBuildFile; productRef = BCA8985028BC040F000BCC28 /* FirebaseDynamicLinks */; };
		BCA8985328BC040F000BCC28 /* FirebaseFirestore in Frameworks */ = {isa = PBXBuildFile; productRef = BCA8985228BC040F000BCC28 /* FirebaseFirestore */; };
		BCA8985528BC040F000BCC28 /* FirebaseFirestoreCombine-Community in Frameworks */ = {isa = PBXBuildFile; productRef = BCA8985428BC040F000BCC28 /* FirebaseFirestoreCombine-Community */; };
		BCA8985728BC040F000BCC28 /* FirebaseFirestoreSwift in Frameworks */ = {isa = PBXBuildFile; productRef = BCA8985628BC040F000BCC28 /* FirebaseFirestoreSwift */; };
		BCA8985928BC040F000BCC28 /* FirebaseFunctions in Frameworks */ = {isa = PBXBuildFile; productRef = BCA8985828BC040F000BCC28 /* FirebaseFunctions */; };
		BCA8985B28BC040F000BCC28 /* FirebaseFunctionsCombine-Community in Frameworks */ = {isa = PBXBuildFile; productRef = BCA8985A28BC040F000BCC28 /* FirebaseFunctionsCombine-Community */; };
		BCA8985D28BC040F000BCC28 /* FirebaseInAppMessaging-Beta in Frameworks */ = {isa = PBXBuildFile; productRef = BCA8985C28BC040F000BCC28 /* FirebaseInAppMessaging-Beta */; };
		BCA8985F28BC040F000BCC28 /* FirebaseInAppMessagingSwift-Beta in Frameworks */ = {isa = PBXBuildFile; productRef = BCA8985E28BC040F000BCC28 /* FirebaseInAppMessagingSwift-Beta */; };
		BCA8986128BC040F000BCC28 /* FirebaseInstallations in Frameworks */ = {isa = PBXBuildFile; productRef = BCA8986028BC040F000BCC28 /* FirebaseInstallations */; };
		BCA8986328BC040F000BCC28 /* FirebaseMLModelDownloader in Frameworks */ = {isa = PBXBuildFile; productRef = BCA8986228BC040F000BCC28 /* FirebaseMLModelDownloader */; };
		BCA8986528BC040F000BCC28 /* FirebaseMessaging in Frameworks */ = {isa = PBXBuildFile; productRef = BCA8986428BC040F000BCC28 /* FirebaseMessaging */; };
		BCA8986728BC040F000BCC28 /* FirebasePerformance in Frameworks */ = {isa = PBXBuildFile; productRef = BCA8986628BC040F000BCC28 /* FirebasePerformance */; };
		BCA8986928BC040F000BCC28 /* FirebaseRemoteConfig in Frameworks */ = {isa = PBXBuildFile; productRef = BCA8986828BC040F000BCC28 /* FirebaseRemoteConfig */; };
		BCA8986B28BC040F000BCC28 /* FirebaseRemoteConfigSwift in Frameworks */ = {isa = PBXBuildFile; productRef = BCA8986A28BC040F000BCC28 /* FirebaseRemoteConfigSwift */; };
		BCA8986D28BC040F000BCC28 /* FirebaseStorage in Frameworks */ = {isa = PBXBuildFile; productRef = BCA8986C28BC040F000BCC28 /* FirebaseStorage */; };
		BCA8986F28BC040F000BCC28 /* FirebaseStorageCombine-Community in Frameworks */ = {isa = PBXBuildFile; productRef = BCA8986E28BC040F000BCC28 /* FirebaseStorageCombine-Community */; };
		BCA8987128BC0D20000BCC28 /* SongTableViewCell.swift in Sources */ = {isa = PBXBuildFile; fileRef = BCA8987028BC0D20000BCC28 /* SongTableViewCell.swift */; };
		BCA8987328BCB18D000BCC28 /* MainViewController.swift in Sources */ = {isa = PBXBuildFile; fileRef = BCA8987228BCB18D000BCC28 /* MainViewController.swift */; };
		BCD0AF1B28AC17C400AC7337 /* Kingfisher in Frameworks */ = {isa = PBXBuildFile; productRef = BCD0AF1A28AC17C400AC7337 /* Kingfisher */; };
		BCDA965528B6ED970016A889 /* SongAddEditViewController.swift in Sources */ = {isa = PBXBuildFile; fileRef = BCDA965428B6ED970016A889 /* SongAddEditViewController.swift */; };
		BCDA965728B6F32C0016A889 /* UserViewController.swift in Sources */ = {isa = PBXBuildFile; fileRef = BCDA965628B6F32C0016A889 /* UserViewController.swift */; };
		BCDEAFC128AC0032002DED19 /* NotificationCenter.swift in Sources */ = {isa = PBXBuildFile; fileRef = BCDEAFC028AC0032002DED19 /* NotificationCenter.swift */; };
		BCE6E73228AE8F7F00327FC5 /* GoogleService-Info.plist in Resources */ = {isa = PBXBuildFile; fileRef = BCE6E73128AE8F7F00327FC5 /* GoogleService-Info.plist */; };
		BCE6E73828AFEC1E00327FC5 /* Mixtape.swift in Sources */ = {isa = PBXBuildFile; fileRef = BCE6E73728AFEC1E00327FC5 /* Mixtape.swift */; };
		BCE6E73A28AFEC2900327FC5 /* User.swift in Sources */ = {isa = PBXBuildFile; fileRef = BCE6E73928AFEC2900327FC5 /* User.swift */; };
		BCE6E73F28AFEF0E00327FC5 /* MixtapeDao+CoreDataClass.swift in Sources */ = {isa = PBXBuildFile; fileRef = BCE6E73B28AFEF0E00327FC5 /* MixtapeDao+CoreDataClass.swift */; };
		BCE6E74028AFEF0E00327FC5 /* MixtapeDao+CoreDataProperties.swift in Sources */ = {isa = PBXBuildFile; fileRef = BCE6E73C28AFEF0E00327FC5 /* MixtapeDao+CoreDataProperties.swift */; };
		BCE6E74128AFEF0E00327FC5 /* UserDao+CoreDataClass.swift in Sources */ = {isa = PBXBuildFile; fileRef = BCE6E73D28AFEF0E00327FC5 /* UserDao+CoreDataClass.swift */; };
		BCE6E74228AFEF0E00327FC5 /* UserDao+CoreDataProperties.swift in Sources */ = {isa = PBXBuildFile; fileRef = BCE6E73E28AFEF0E00327FC5 /* UserDao+CoreDataProperties.swift */; };
		BCECD81C28B39A6600389C63 /* storytime.ttf in Resources */ = {isa = PBXBuildFile; fileRef = BCECD81A28B39A6600389C63 /* storytime.ttf */; };
		BCECD81D28B39A6600389C63 /* quicksand.ttf in Resources */ = {isa = PBXBuildFile; fileRef = BCECD81B28B39A6600389C63 /* quicksand.ttf */; };
		BCECD82328B3A41900389C63 /* Main.storyboard in Resources */ = {isa = PBXBuildFile; fileRef = BCECD82128B3A41900389C63 /* Main.storyboard */; };
		BCECD82528B3A43100389C63 /* Login.storyboard in Resources */ = {isa = PBXBuildFile; fileRef = BCECD82728B3A43100389C63 /* Login.storyboard */; };
		BCECD83128B3A75200389C63 /* LoginViewController.swift in Sources */ = {isa = PBXBuildFile; fileRef = BCECD83028B3A75200389C63 /* LoginViewController.swift */; };
		BCECD83628B3B13200389C63 /* LaunchScreen.storyboard in Resources */ = {isa = PBXBuildFile; fileRef = BCECD83828B3B13200389C63 /* LaunchScreen.storyboard */; };
		BCECD84128B3ED6700389C63 /* mixtape_loader.gif in Resources */ = {isa = PBXBuildFile; fileRef = BCECD84028B3ED6600389C63 /* mixtape_loader.gif */; };
		D19AE12E320182CE64C1C6DD /* Pods_Mixtape.framework in Frameworks */ = {isa = PBXBuildFile; fileRef = B30BCFEA8AD47853E7B98044 /* Pods_Mixtape.framework */; };
/* End PBXBuildFile section */

/* Begin PBXFileReference section */
		73A77101DD76645C54643C2D /* Pods-Mixtape.release.xcconfig */ = {isa = PBXFileReference; includeInIndex = 1; lastKnownFileType = text.xcconfig; name = "Pods-Mixtape.release.xcconfig"; path = "Target Support Files/Pods-Mixtape/Pods-Mixtape.release.xcconfig"; sourceTree = "<group>"; };
		B30BCFEA8AD47853E7B98044 /* Pods_Mixtape.framework */ = {isa = PBXFileReference; explicitFileType = wrapper.framework; includeInIndex = 0; path = Pods_Mixtape.framework; sourceTree = BUILT_PRODUCTS_DIR; };
		BC456CFA28AAD9640061CBD7 /* SongDao+CoreDataClass.swift */ = {isa = PBXFileReference; lastKnownFileType = sourcecode.swift; path = "SongDao+CoreDataClass.swift"; sourceTree = "<group>"; };
		BC456CFC28AAD9770061CBD7 /* SongDao+CoreDataProperties.swift */ = {isa = PBXFileReference; lastKnownFileType = sourcecode.swift; path = "SongDao+CoreDataProperties.swift"; sourceTree = "<group>"; };
		BC60EFD828AAC02E00DD35DB /* SongsTableViewController.swift */ = {isa = PBXFileReference; lastKnownFileType = sourcecode.swift; path = SongsTableViewController.swift; sourceTree = "<group>"; };
		BC60EFDB28AAC09500DD35DB /* Song.swift */ = {isa = PBXFileReference; lastKnownFileType = sourcecode.swift; path = Song.swift; sourceTree = "<group>"; };
		BC60EFE428AAC55400DD35DB /* Model.swift */ = {isa = PBXFileReference; lastKnownFileType = sourcecode.swift; path = Model.swift; sourceTree = "<group>"; };
		BC60EFE628AAC59000DD35DB /* ModelFirebase.swift */ = {isa = PBXFileReference; lastKnownFileType = sourcecode.swift; path = ModelFirebase.swift; sourceTree = "<group>"; };
		BC60EFE828AACA1700DD35DB /* SongDetailsViewController.swift */ = {isa = PBXFileReference; lastKnownFileType = sourcecode.swift; path = SongDetailsViewController.swift; sourceTree = "<group>"; };
		BC60EFED28AAD61200DD35DB /* DataModel.xcdatamodel */ = {isa = PBXFileReference; lastKnownFileType = wrapper.xcdatamodel; path = DataModel.xcdatamodel; sourceTree = "<group>"; };
		BC65D67C28AA995400DCECA1 /* Mixtape.app */ = {isa = PBXFileReference; explicitFileType = wrapper.application; includeInIndex = 0; path = Mixtape.app; sourceTree = BUILT_PRODUCTS_DIR; };
		BC65D67F28AA995400DCECA1 /* AppDelegate.swift */ = {isa = PBXFileReference; lastKnownFileType = sourcecode.swift; path = AppDelegate.swift; sourceTree = "<group>"; };
		BC65D68128AA995400DCECA1 /* SceneDelegate.swift */ = {isa = PBXFileReference; lastKnownFileType = sourcecode.swift; path = SceneDelegate.swift; sourceTree = "<group>"; };
		BC65D68B28AA995900DCECA1 /* Assets.xcassets */ = {isa = PBXFileReference; lastKnownFileType = folder.assetcatalog; path = Assets.xcassets; sourceTree = "<group>"; };
		BC65D68E28AA995900DCECA1 /* Base */ = {isa = PBXFileReference; lastKnownFileType = file.storyboard; name = Base; path = Base.lproj/Intro.storyboard; sourceTree = "<group>"; };
		BC65D69028AA995900DCECA1 /* Info.plist */ = {isa = PBXFileReference; lastKnownFileType = text.plist.xml; path = Info.plist; sourceTree = "<group>"; };
		BCA642AA28B29638003F1F25 /* SongItem.swift */ = {isa = PBXFileReference; lastKnownFileType = sourcecode.swift; path = SongItem.swift; sourceTree = "<group>"; };
		BCA642AC28B29644003F1F25 /* MixtapeItem.swift */ = {isa = PBXFileReference; lastKnownFileType = sourcecode.swift; path = MixtapeItem.swift; sourceTree = "<group>"; };
		BCA642B128B397FD003F1F25 /* IntroViewController.swift */ = {isa = PBXFileReference; lastKnownFileType = sourcecode.swift; path = IntroViewController.swift; sourceTree = "<group>"; };
		BCA8987028BC0D20000BCC28 /* SongTableViewCell.swift */ = {isa = PBXFileReference; fileEncoding = 4; lastKnownFileType = sourcecode.swift; path = SongTableViewCell.swift; sourceTree = "<group>"; };
		BCA8987228BCB18D000BCC28 /* MainViewController.swift */ = {isa = PBXFileReference; lastKnownFileType = sourcecode.swift; path = MainViewController.swift; sourceTree = "<group>"; };
		BCDA965428B6ED970016A889 /* SongAddEditViewController.swift */ = {isa = PBXFileReference; lastKnownFileType = sourcecode.swift; path = SongAddEditViewController.swift; sourceTree = "<group>"; };
		BCDA965628B6F32C0016A889 /* UserViewController.swift */ = {isa = PBXFileReference; lastKnownFileType = sourcecode.swift; path = UserViewController.swift; sourceTree = "<group>"; };
		BCDEAFC028AC0032002DED19 /* NotificationCenter.swift */ = {isa = PBXFileReference; lastKnownFileType = sourcecode.swift; path = NotificationCenter.swift; sourceTree = "<group>"; };
		BCE6E73128AE8F7F00327FC5 /* GoogleService-Info.plist */ = {isa = PBXFileReference; fileEncoding = 4; lastKnownFileType = text.plist.xml; path = "GoogleService-Info.plist"; sourceTree = "<group>"; };
		BCE6E73728AFEC1E00327FC5 /* Mixtape.swift */ = {isa = PBXFileReference; lastKnownFileType = sourcecode.swift; path = Mixtape.swift; sourceTree = "<group>"; };
		BCE6E73928AFEC2900327FC5 /* User.swift */ = {isa = PBXFileReference; lastKnownFileType = sourcecode.swift; path = User.swift; sourceTree = "<group>"; };
		BCE6E73B28AFEF0E00327FC5 /* MixtapeDao+CoreDataClass.swift */ = {isa = PBXFileReference; lastKnownFileType = sourcecode.swift; path = "MixtapeDao+CoreDataClass.swift"; sourceTree = "<group>"; };
		BCE6E73C28AFEF0E00327FC5 /* MixtapeDao+CoreDataProperties.swift */ = {isa = PBXFileReference; lastKnownFileType = sourcecode.swift; path = "MixtapeDao+CoreDataProperties.swift"; sourceTree = "<group>"; };
		BCE6E73D28AFEF0E00327FC5 /* UserDao+CoreDataClass.swift */ = {isa = PBXFileReference; lastKnownFileType = sourcecode.swift; path = "UserDao+CoreDataClass.swift"; sourceTree = "<group>"; };
		BCE6E73E28AFEF0E00327FC5 /* UserDao+CoreDataProperties.swift */ = {isa = PBXFileReference; lastKnownFileType = sourcecode.swift; path = "UserDao+CoreDataProperties.swift"; sourceTree = "<group>"; };
		BCECD81A28B39A6600389C63 /* storytime.ttf */ = {isa = PBXFileReference; lastKnownFileType = file; path = storytime.ttf; sourceTree = "<group>"; };
		BCECD81B28B39A6600389C63 /* quicksand.ttf */ = {isa = PBXFileReference; lastKnownFileType = file; path = quicksand.ttf; sourceTree = "<group>"; };
		BCECD82428B3A42200389C63 /* Base */ = {isa = PBXFileReference; lastKnownFileType = file.storyboard; name = Base; path = Base.lproj/Main.storyboard; sourceTree = "<group>"; };
		BCECD82628B3A43100389C63 /* Base */ = {isa = PBXFileReference; lastKnownFileType = file.storyboard; name = Base; path = Base.lproj/Login.storyboard; sourceTree = "<group>"; };
		BCECD83028B3A75200389C63 /* LoginViewController.swift */ = {isa = PBXFileReference; lastKnownFileType = sourcecode.swift; path = LoginViewController.swift; sourceTree = "<group>"; };
		BCECD83728B3B13200389C63 /* Base */ = {isa = PBXFileReference; lastKnownFileType = file.storyboard; name = Base; path = Base.lproj/LaunchScreen.storyboard; sourceTree = "<group>"; };
		BCECD84028B3ED6600389C63 /* mixtape_loader.gif */ = {isa = PBXFileReference; lastKnownFileType = image.gif; path = mixtape_loader.gif; sourceTree = "<group>"; };
		EF5A82575C4D51ACCB5B1268 /* Pods-Mixtape.debug.xcconfig */ = {isa = PBXFileReference; includeInIndex = 1; lastKnownFileType = text.xcconfig; name = "Pods-Mixtape.debug.xcconfig"; path = "Target Support Files/Pods-Mixtape/Pods-Mixtape.debug.xcconfig"; sourceTree = "<group>"; };
/* End PBXFileReference section */

/* Begin PBXFrameworksBuildPhase section */
		BC65D67928AA995400DCECA1 /* Frameworks */ = {
			isa = PBXFrameworksBuildPhase;
			buildActionMask = 2147483647;
			files = (
				BCA8984F28BC040F000BCC28 /* FirebaseDatabaseSwift in Frameworks */,
				BCD0AF1B28AC17C400AC7337 /* Kingfisher in Frameworks */,
				BCA8986728BC040F000BCC28 /* FirebasePerformance in Frameworks */,
				BCA8986928BC040F000BCC28 /* FirebaseRemoteConfig in Frameworks */,
				BCA8983D28BC040F000BCC28 /* FirebaseAnalyticsOnDeviceConversion in Frameworks */,
				BCA8986128BC040F000BCC28 /* FirebaseInstallations in Frameworks */,
				BCA8985528BC040F000BCC28 /* FirebaseFirestoreCombine-Community in Frameworks */,
				BCA8985F28BC040F000BCC28 /* FirebaseInAppMessagingSwift-Beta in Frameworks */,
				BCA642B028B3977D003F1F25 /* SwiftyGif in Frameworks */,
				BCA8986328BC040F000BCC28 /* FirebaseMLModelDownloader in Frameworks */,
				BCA8986528BC040F000BCC28 /* FirebaseMessaging in Frameworks */,
				BCA8985728BC040F000BCC28 /* FirebaseFirestoreSwift in Frameworks */,
				BCA8985328BC040F000BCC28 /* FirebaseFirestore in Frameworks */,
				BCA8985928BC040F000BCC28 /* FirebaseFunctions in Frameworks */,
				BCA8983528BBF370000BCC28 /* RSSelectionMenu in Frameworks */,
				BCA8983F28BC040F000BCC28 /* FirebaseAnalyticsSwift in Frameworks */,
				BCA8983B28BC040F000BCC28 /* FirebaseAnalytics in Frameworks */,
				BCA8983828BBF6AC000BCC28 /* iOSDropDown in Frameworks */,
				BCA8984928BC040F000BCC28 /* FirebaseAuthCombine-Community in Frameworks */,
				BCA8984728BC040F000BCC28 /* FirebaseAuth in Frameworks */,
				BCA8985B28BC040F000BCC28 /* FirebaseFunctionsCombine-Community in Frameworks */,
				BCA8984B28BC040F000BCC28 /* FirebaseCrashlytics in Frameworks */,
				BCA8985128BC040F000BCC28 /* FirebaseDynamicLinks in Frameworks */,
				BCA8986D28BC040F000BCC28 /* FirebaseStorage in Frameworks */,
				BCA8985D28BC040F000BCC28 /* FirebaseInAppMessaging-Beta in Frameworks */,
				BCA8986B28BC040F000BCC28 /* FirebaseRemoteConfigSwift in Frameworks */,
				BCA8984528BC040F000BCC28 /* FirebaseAppDistribution-Beta in Frameworks */,
				BCA8986F28BC040F000BCC28 /* FirebaseStorageCombine-Community in Frameworks */,
				BCA8984328BC040F000BCC28 /* FirebaseAppCheck in Frameworks */,
				BCA8984D28BC040F000BCC28 /* FirebaseDatabase in Frameworks */,
				BCA8984128BC040F000BCC28 /* FirebaseAnalyticsWithoutAdIdSupport in Frameworks */,
				D19AE12E320182CE64C1C6DD /* Pods_Mixtape.framework in Frameworks */,
			);
			runOnlyForDeploymentPostprocessing = 0;
		};
/* End PBXFrameworksBuildPhase section */

/* Begin PBXGroup section */
		35B909976CD599AE6B6C5B15 /* Frameworks */ = {
			isa = PBXGroup;
			children = (
				B30BCFEA8AD47853E7B98044 /* Pods_Mixtape.framework */,
			);
			name = Frameworks;
			sourceTree = "<group>";
		};
		9FF6FC154DE326DFD0FF37AE /* Pods */ = {
			isa = PBXGroup;
			children = (
				EF5A82575C4D51ACCB5B1268 /* Pods-Mixtape.debug.xcconfig */,
				73A77101DD76645C54643C2D /* Pods-Mixtape.release.xcconfig */,
			);
			path = Pods;
			sourceTree = "<group>";
		};
		BC60EFD528AABF6E00DD35DB /* ViewControllers */ = {
			isa = PBXGroup;
			children = (
				BCECD83028B3A75200389C63 /* LoginViewController.swift */,
				BC60EFE828AACA1700DD35DB /* SongDetailsViewController.swift */,
				BC60EFD828AAC02E00DD35DB /* SongsTableViewController.swift */,
				BCA642B128B397FD003F1F25 /* IntroViewController.swift */,
				BCDA965428B6ED970016A889 /* SongAddEditViewController.swift */,
				BCDA965628B6F32C0016A889 /* UserViewController.swift */,
				BCA8987228BCB18D000BCC28 /* MainViewController.swift */,
			);
			path = ViewControllers;
			sourceTree = "<group>";
		};
		BC60EFDA28AAC07F00DD35DB /* Model */ = {
			isa = PBXGroup;
			children = (
				BCE6E73728AFEC1E00327FC5 /* Mixtape.swift */,
				BCE6E73B28AFEF0E00327FC5 /* MixtapeDao+CoreDataClass.swift */,
				BCE6E73C28AFEF0E00327FC5 /* MixtapeDao+CoreDataProperties.swift */,
				BCA642AC28B29644003F1F25 /* MixtapeItem.swift */,
				BC60EFE428AAC55400DD35DB /* Model.swift */,
				BC60EFE628AAC59000DD35DB /* ModelFirebase.swift */,
				BCDEAFC028AC0032002DED19 /* NotificationCenter.swift */,
				BC60EFDB28AAC09500DD35DB /* Song.swift */,
				BC456CFA28AAD9640061CBD7 /* SongDao+CoreDataClass.swift */,
				BC456CFC28AAD9770061CBD7 /* SongDao+CoreDataProperties.swift */,
				BCA642AA28B29638003F1F25 /* SongItem.swift */,
				BCE6E73928AFEC2900327FC5 /* User.swift */,
				BCE6E73D28AFEF0E00327FC5 /* UserDao+CoreDataClass.swift */,
				BCE6E73E28AFEF0E00327FC5 /* UserDao+CoreDataProperties.swift */,
			);
			path = Model;
			sourceTree = "<group>";
		};
		BC65D67328AA995400DCECA1 = {
			isa = PBXGroup;
			children = (
				35B909976CD599AE6B6C5B15 /* Frameworks */,
				9FF6FC154DE326DFD0FF37AE /* Pods */,
				BC65D67E28AA995400DCECA1 /* Mixtape */,
				BC65D67D28AA995400DCECA1 /* Products */,
			);
			sourceTree = "<group>";
		};
		BC65D67D28AA995400DCECA1 /* Products */ = {
			isa = PBXGroup;
			children = (
				BC65D67C28AA995400DCECA1 /* Mixtape.app */,
			);
			name = Products;
			sourceTree = "<group>";
		};
		BC65D67E28AA995400DCECA1 /* Mixtape */ = {
			isa = PBXGroup;
			children = (
				BCE6E73128AE8F7F00327FC5 /* GoogleService-Info.plist */,
				BC65D69028AA995900DCECA1 /* Info.plist */,
				BC65D67F28AA995400DCECA1 /* AppDelegate.swift */,
				BC65D68128AA995400DCECA1 /* SceneDelegate.swift */,
				BC65D68B28AA995900DCECA1 /* Assets.xcassets */,
				BC60EFEC28AAD61200DD35DB /* DataModel.xcdatamodeld */,
				BC65D68D28AA995900DCECA1 /* Intro.storyboard */,
				BCECD82728B3A43100389C63 /* Login.storyboard */,
				BCECD82128B3A41900389C63 /* Main.storyboard */,
				BCECD83828B3B13200389C63 /* LaunchScreen.storyboard */,
				BCECD81928B39A6600389C63 /* ExternalAssets */,
				BC60EFDA28AAC07F00DD35DB /* Model */,
				BC60EFD528AABF6E00DD35DB /* ViewControllers */,
				BCECD83F28B3B9BB00389C63 /* Views */,
			);
			path = Mixtape;
			sourceTree = "<group>";
		};
		BCECD81928B39A6600389C63 /* ExternalAssets */ = {
			isa = PBXGroup;
			children = (
				BCECD84028B3ED6600389C63 /* mixtape_loader.gif */,
				BCECD81A28B39A6600389C63 /* storytime.ttf */,
				BCECD81B28B39A6600389C63 /* quicksand.ttf */,
			);
			path = ExternalAssets;
			sourceTree = "<group>";
		};
		BCECD83F28B3B9BB00389C63 /* Views */ = {
			isa = PBXGroup;
			children = (
				BCA8987028BC0D20000BCC28 /* SongTableViewCell.swift */,
			);
			path = Views;
			sourceTree = "<group>";
		};
/* End PBXGroup section */

/* Begin PBXNativeTarget section */
		BC65D67B28AA995400DCECA1 /* Mixtape */ = {
			isa = PBXNativeTarget;
			buildConfigurationList = BC65D69328AA995900DCECA1 /* Build configuration list for PBXNativeTarget "Mixtape" */;
			buildPhases = (
				D4ABCE6363B06AD5912892E6 /* [CP] Check Pods Manifest.lock */,
				BC65D67828AA995400DCECA1 /* Sources */,
				BC65D67928AA995400DCECA1 /* Frameworks */,
				BC65D67A28AA995400DCECA1 /* Resources */,
				996ADBFD30E72E0342EB81FE /* [CP] Embed Pods Frameworks */,
			);
			buildRules = (
			);
			dependencies = (
			);
			name = Mixtape;
			packageProductDependencies = (
				BCD0AF1A28AC17C400AC7337 /* Kingfisher */,
				BCA642AF28B3977D003F1F25 /* SwiftyGif */,
				BCA8983428BBF370000BCC28 /* RSSelectionMenu */,
				BCA8983728BBF6AC000BCC28 /* iOSDropDown */,
				BCA8983A28BC040F000BCC28 /* FirebaseAnalytics */,
				BCA8983C28BC040F000BCC28 /* FirebaseAnalyticsOnDeviceConversion */,
				BCA8983E28BC040F000BCC28 /* FirebaseAnalyticsSwift */,
				BCA8984028BC040F000BCC28 /* FirebaseAnalyticsWithoutAdIdSupport */,
				BCA8984228BC040F000BCC28 /* FirebaseAppCheck */,
				BCA8984428BC040F000BCC28 /* FirebaseAppDistribution-Beta */,
				BCA8984628BC040F000BCC28 /* FirebaseAuth */,
				BCA8984828BC040F000BCC28 /* FirebaseAuthCombine-Community */,
				BCA8984A28BC040F000BCC28 /* FirebaseCrashlytics */,
				BCA8984C28BC040F000BCC28 /* FirebaseDatabase */,
				BCA8984E28BC040F000BCC28 /* FirebaseDatabaseSwift */,
				BCA8985028BC040F000BCC28 /* FirebaseDynamicLinks */,
				BCA8985228BC040F000BCC28 /* FirebaseFirestore */,
				BCA8985428BC040F000BCC28 /* FirebaseFirestoreCombine-Community */,
				BCA8985628BC040F000BCC28 /* FirebaseFirestoreSwift */,
				BCA8985828BC040F000BCC28 /* FirebaseFunctions */,
				BCA8985A28BC040F000BCC28 /* FirebaseFunctionsCombine-Community */,
				BCA8985C28BC040F000BCC28 /* FirebaseInAppMessaging-Beta */,
				BCA8985E28BC040F000BCC28 /* FirebaseInAppMessagingSwift-Beta */,
				BCA8986028BC040F000BCC28 /* FirebaseInstallations */,
				BCA8986228BC040F000BCC28 /* FirebaseMLModelDownloader */,
				BCA8986428BC040F000BCC28 /* FirebaseMessaging */,
				BCA8986628BC040F000BCC28 /* FirebasePerformance */,
				BCA8986828BC040F000BCC28 /* FirebaseRemoteConfig */,
				BCA8986A28BC040F000BCC28 /* FirebaseRemoteConfigSwift */,
				BCA8986C28BC040F000BCC28 /* FirebaseStorage */,
				BCA8986E28BC040F000BCC28 /* FirebaseStorageCombine-Community */,
			);
			productName = Mixtape;
			productReference = BC65D67C28AA995400DCECA1 /* Mixtape.app */;
			productType = "com.apple.product-type.application";
		};
/* End PBXNativeTarget section */

/* Begin PBXProject section */
		BC65D67428AA995400DCECA1 /* Project object */ = {
			isa = PBXProject;
			attributes = {
				BuildIndependentTargetsInParallel = 1;
				LastSwiftUpdateCheck = 1320;
				LastUpgradeCheck = 1320;
				TargetAttributes = {
					BC65D67B28AA995400DCECA1 = {
						CreatedOnToolsVersion = 13.2.1;
					};
				};
			};
			buildConfigurationList = BC65D67728AA995400DCECA1 /* Build configuration list for PBXProject "Mixtape" */;
			compatibilityVersion = "Xcode 13.0";
			developmentRegion = en;
			hasScannedForEncodings = 0;
			knownRegions = (
				en,
				Base,
			);
			mainGroup = BC65D67328AA995400DCECA1;
			packageReferences = (
				BCD0AF1928AC17C400AC7337 /* XCRemoteSwiftPackageReference "Kingfisher" */,
				BCA642AE28B3977C003F1F25 /* XCRemoteSwiftPackageReference "SwiftyGif" */,
				BCA8983328BBF36F000BCC28 /* XCRemoteSwiftPackageReference "RSSelectionMenu" */,
				BCA8983628BBF6AB000BCC28 /* XCRemoteSwiftPackageReference "iOSDropDown" */,
				BCA8983928BC040F000BCC28 /* XCRemoteSwiftPackageReference "firebase-ios-sdk" */,
			);
			productRefGroup = BC65D67D28AA995400DCECA1 /* Products */;
			projectDirPath = "";
			projectRoot = "";
			targets = (
				BC65D67B28AA995400DCECA1 /* Mixtape */,
			);
		};
/* End PBXProject section */

/* Begin PBXResourcesBuildPhase section */
		BC65D67A28AA995400DCECA1 /* Resources */ = {
			isa = PBXResourcesBuildPhase;
			buildActionMask = 2147483647;
			files = (
				BCECD82328B3A41900389C63 /* Main.storyboard in Resources */,
				BCECD83628B3B13200389C63 /* LaunchScreen.storyboard in Resources */,
				BC65D68F28AA995900DCECA1 /* Intro.storyboard in Resources */,
				BCE6E73228AE8F7F00327FC5 /* GoogleService-Info.plist in Resources */,
				BCECD82528B3A43100389C63 /* Login.storyboard in Resources */,
				BC65D68C28AA995900DCECA1 /* Assets.xcassets in Resources */,
				BCECD81D28B39A6600389C63 /* quicksand.ttf in Resources */,
				BCECD81C28B39A6600389C63 /* storytime.ttf in Resources */,
				BCECD84128B3ED6700389C63 /* mixtape_loader.gif in Resources */,
			);
			runOnlyForDeploymentPostprocessing = 0;
		};
/* End PBXResourcesBuildPhase section */

/* Begin PBXShellScriptBuildPhase section */
		996ADBFD30E72E0342EB81FE /* [CP] Embed Pods Frameworks */ = {
			isa = PBXShellScriptBuildPhase;
			buildActionMask = 2147483647;
			files = (
			);
			inputFileListPaths = (
				"${PODS_ROOT}/Target Support Files/Pods-Mixtape/Pods-Mixtape-frameworks-${CONFIGURATION}-input-files.xcfilelist",
			);
			name = "[CP] Embed Pods Frameworks";
			outputFileListPaths = (
				"${PODS_ROOT}/Target Support Files/Pods-Mixtape/Pods-Mixtape-frameworks-${CONFIGURATION}-output-files.xcfilelist",
			);
			runOnlyForDeploymentPostprocessing = 0;
			shellPath = /bin/sh;
			shellScript = "\"${PODS_ROOT}/Target Support Files/Pods-Mixtape/Pods-Mixtape-frameworks.sh\"\n";
			showEnvVarsInLog = 0;
		};
		D4ABCE6363B06AD5912892E6 /* [CP] Check Pods Manifest.lock */ = {
			isa = PBXShellScriptBuildPhase;
			buildActionMask = 2147483647;
			files = (
			);
			inputFileListPaths = (
			);
			inputPaths = (
				"${PODS_PODFILE_DIR_PATH}/Podfile.lock",
				"${PODS_ROOT}/Manifest.lock",
			);
			name = "[CP] Check Pods Manifest.lock";
			outputFileListPaths = (
			);
			outputPaths = (
				"$(DERIVED_FILE_DIR)/Pods-Mixtape-checkManifestLockResult.txt",
			);
			runOnlyForDeploymentPostprocessing = 0;
			shellPath = /bin/sh;
			shellScript = "diff \"${PODS_PODFILE_DIR_PATH}/Podfile.lock\" \"${PODS_ROOT}/Manifest.lock\" > /dev/null\nif [ $? != 0 ] ; then\n    # print error to STDERR\n    echo \"error: The sandbox is not in sync with the Podfile.lock. Run 'pod install' or update your CocoaPods installation.\" >&2\n    exit 1\nfi\n# This output is used by Xcode 'outputs' to avoid re-running this script phase.\necho \"SUCCESS\" > \"${SCRIPT_OUTPUT_FILE_0}\"\n";
			showEnvVarsInLog = 0;
		};
/* End PBXShellScriptBuildPhase section */

/* Begin PBXSourcesBuildPhase section */
		BC65D67828AA995400DCECA1 /* Sources */ = {
			isa = PBXSourcesBuildPhase;
			buildActionMask = 2147483647;
			files = (
				BC60EFDC28AAC09500DD35DB /* Song.swift in Sources */,
				BC60EFD928AAC02E00DD35DB /* SongsTableViewController.swift in Sources */,
				BC456CFD28AAD9770061CBD7 /* SongDao+CoreDataProperties.swift in Sources */,
				BCECD83128B3A75200389C63 /* LoginViewController.swift in Sources */,
				BCE6E74128AFEF0E00327FC5 /* UserDao+CoreDataClass.swift in Sources */,
				BC60EFE528AAC55400DD35DB /* Model.swift in Sources */,
				BC60EFE728AAC59000DD35DB /* ModelFirebase.swift in Sources */,
				BCE6E73A28AFEC2900327FC5 /* User.swift in Sources */,
				BCA642AB28B29638003F1F25 /* SongItem.swift in Sources */,
				BCA642B228B397FD003F1F25 /* IntroViewController.swift in Sources */,
				BC456CFB28AAD9640061CBD7 /* SongDao+CoreDataClass.swift in Sources */,
				BC65D68028AA995400DCECA1 /* AppDelegate.swift in Sources */,
				BCDEAFC128AC0032002DED19 /* NotificationCenter.swift in Sources */,
				BC60EFEE28AAD61200DD35DB /* DataModel.xcdatamodeld in Sources */,
				BCA8987328BCB18D000BCC28 /* MainViewController.swift in Sources */,
				BC60EFE928AACA1700DD35DB /* SongDetailsViewController.swift in Sources */,
				BCA8987128BC0D20000BCC28 /* SongTableViewCell.swift in Sources */,
				BCE6E73F28AFEF0E00327FC5 /* MixtapeDao+CoreDataClass.swift in Sources */,
				BCA642AD28B29644003F1F25 /* MixtapeItem.swift in Sources */,
				BCE6E74028AFEF0E00327FC5 /* MixtapeDao+CoreDataProperties.swift in Sources */,
				BC65D68228AA995400DCECA1 /* SceneDelegate.swift in Sources */,
				BCDA965728B6F32C0016A889 /* UserViewController.swift in Sources */,
				BCE6E74228AFEF0E00327FC5 /* UserDao+CoreDataProperties.swift in Sources */,
				BCE6E73828AFEC1E00327FC5 /* Mixtape.swift in Sources */,
				BCDA965528B6ED970016A889 /* SongAddEditViewController.swift in Sources */,
			);
			runOnlyForDeploymentPostprocessing = 0;
		};
/* End PBXSourcesBuildPhase section */

/* Begin PBXVariantGroup section */
		BC65D68D28AA995900DCECA1 /* Intro.storyboard */ = {
			isa = PBXVariantGroup;
			children = (
				BC65D68E28AA995900DCECA1 /* Base */,
			);
			name = Intro.storyboard;
			sourceTree = "<group>";
		};
		BCECD82128B3A41900389C63 /* Main.storyboard */ = {
			isa = PBXVariantGroup;
			children = (
				BCECD82428B3A42200389C63 /* Base */,
			);
			name = Main.storyboard;
			sourceTree = "<group>";
		};
		BCECD82728B3A43100389C63 /* Login.storyboard */ = {
			isa = PBXVariantGroup;
			children = (
				BCECD82628B3A43100389C63 /* Base */,
			);
			name = Login.storyboard;
			sourceTree = "<group>";
		};
		BCECD83828B3B13200389C63 /* LaunchScreen.storyboard */ = {
			isa = PBXVariantGroup;
			children = (
				BCECD83728B3B13200389C63 /* Base */,
			);
			name = LaunchScreen.storyboard;
			sourceTree = "<group>";
		};
/* End PBXVariantGroup section */

/* Begin XCBuildConfiguration section */
		BC65D69128AA995900DCECA1 /* Debug */ = {
			isa = XCBuildConfiguration;
			buildSettings = {
				ALWAYS_SEARCH_USER_PATHS = NO;
				CLANG_ANALYZER_NONNULL = YES;
				CLANG_ANALYZER_NUMBER_OBJECT_CONVERSION = YES_AGGRESSIVE;
				CLANG_CXX_LANGUAGE_STANDARD = "gnu++17";
				CLANG_CXX_LIBRARY = "libc++";
				CLANG_ENABLE_MODULES = YES;
				CLANG_ENABLE_OBJC_ARC = YES;
				CLANG_ENABLE_OBJC_WEAK = YES;
				CLANG_WARN_BLOCK_CAPTURE_AUTORELEASING = YES;
				CLANG_WARN_BOOL_CONVERSION = YES;
				CLANG_WARN_COMMA = YES;
				CLANG_WARN_CONSTANT_CONVERSION = YES;
				CLANG_WARN_DEPRECATED_OBJC_IMPLEMENTATIONS = YES;
				CLANG_WARN_DIRECT_OBJC_ISA_USAGE = YES_ERROR;
				CLANG_WARN_DOCUMENTATION_COMMENTS = YES;
				CLANG_WARN_EMPTY_BODY = YES;
				CLANG_WARN_ENUM_CONVERSION = YES;
				CLANG_WARN_INFINITE_RECURSION = YES;
				CLANG_WARN_INT_CONVERSION = YES;
				CLANG_WARN_NON_LITERAL_NULL_CONVERSION = YES;
				CLANG_WARN_OBJC_IMPLICIT_RETAIN_SELF = YES;
				CLANG_WARN_OBJC_LITERAL_CONVERSION = YES;
				CLANG_WARN_OBJC_ROOT_CLASS = YES_ERROR;
				CLANG_WARN_QUOTED_INCLUDE_IN_FRAMEWORK_HEADER = YES;
				CLANG_WARN_RANGE_LOOP_ANALYSIS = YES;
				CLANG_WARN_STRICT_PROTOTYPES = YES;
				CLANG_WARN_SUSPICIOUS_MOVE = YES;
				CLANG_WARN_UNGUARDED_AVAILABILITY = YES_AGGRESSIVE;
				CLANG_WARN_UNREACHABLE_CODE = YES;
				CLANG_WARN__DUPLICATE_METHOD_MATCH = YES;
				COPY_PHASE_STRIP = NO;
				DEBUG_INFORMATION_FORMAT = dwarf;
				ENABLE_STRICT_OBJC_MSGSEND = YES;
				ENABLE_TESTABILITY = YES;
				GCC_C_LANGUAGE_STANDARD = gnu11;
				GCC_DYNAMIC_NO_PIC = NO;
				GCC_NO_COMMON_BLOCKS = YES;
				GCC_OPTIMIZATION_LEVEL = 0;
				GCC_PREPROCESSOR_DEFINITIONS = (
					"DEBUG=1",
					"$(inherited)",
				);
				GCC_WARN_64_TO_32_BIT_CONVERSION = YES;
				GCC_WARN_ABOUT_RETURN_TYPE = YES_ERROR;
				GCC_WARN_UNDECLARED_SELECTOR = YES;
				GCC_WARN_UNINITIALIZED_AUTOS = YES_AGGRESSIVE;
				GCC_WARN_UNUSED_FUNCTION = YES;
				GCC_WARN_UNUSED_VARIABLE = YES;
				IPHONEOS_DEPLOYMENT_TARGET = 15.0;
				MTL_ENABLE_DEBUG_INFO = INCLUDE_SOURCE;
				MTL_FAST_MATH = YES;
				ONLY_ACTIVE_ARCH = YES;
				SDKROOT = iphoneos;
				SWIFT_ACTIVE_COMPILATION_CONDITIONS = DEBUG;
				SWIFT_OPTIMIZATION_LEVEL = "-Onone";
			};
			name = Debug;
		};
		BC65D69228AA995900DCECA1 /* Release */ = {
			isa = XCBuildConfiguration;
			buildSettings = {
				ALWAYS_SEARCH_USER_PATHS = NO;
				CLANG_ANALYZER_NONNULL = YES;
				CLANG_ANALYZER_NUMBER_OBJECT_CONVERSION = YES_AGGRESSIVE;
				CLANG_CXX_LANGUAGE_STANDARD = "gnu++17";
				CLANG_CXX_LIBRARY = "libc++";
				CLANG_ENABLE_MODULES = YES;
				CLANG_ENABLE_OBJC_ARC = YES;
				CLANG_ENABLE_OBJC_WEAK = YES;
				CLANG_WARN_BLOCK_CAPTURE_AUTORELEASING = YES;
				CLANG_WARN_BOOL_CONVERSION = YES;
				CLANG_WARN_COMMA = YES;
				CLANG_WARN_CONSTANT_CONVERSION = YES;
				CLANG_WARN_DEPRECATED_OBJC_IMPLEMENTATIONS = YES;
				CLANG_WARN_DIRECT_OBJC_ISA_USAGE = YES_ERROR;
				CLANG_WARN_DOCUMENTATION_COMMENTS = YES;
				CLANG_WARN_EMPTY_BODY = YES;
				CLANG_WARN_ENUM_CONVERSION = YES;
				CLANG_WARN_INFINITE_RECURSION = YES;
				CLANG_WARN_INT_CONVERSION = YES;
				CLANG_WARN_NON_LITERAL_NULL_CONVERSION = YES;
				CLANG_WARN_OBJC_IMPLICIT_RETAIN_SELF = YES;
				CLANG_WARN_OBJC_LITERAL_CONVERSION = YES;
				CLANG_WARN_OBJC_ROOT_CLASS = YES_ERROR;
				CLANG_WARN_QUOTED_INCLUDE_IN_FRAMEWORK_HEADER = YES;
				CLANG_WARN_RANGE_LOOP_ANALYSIS = YES;
				CLANG_WARN_STRICT_PROTOTYPES = YES;
				CLANG_WARN_SUSPICIOUS_MOVE = YES;
				CLANG_WARN_UNGUARDED_AVAILABILITY = YES_AGGRESSIVE;
				CLANG_WARN_UNREACHABLE_CODE = YES;
				CLANG_WARN__DUPLICATE_METHOD_MATCH = YES;
				COPY_PHASE_STRIP = NO;
				DEBUG_INFORMATION_FORMAT = "dwarf-with-dsym";
				ENABLE_NS_ASSERTIONS = NO;
				ENABLE_STRICT_OBJC_MSGSEND = YES;
				GCC_C_LANGUAGE_STANDARD = gnu11;
				GCC_NO_COMMON_BLOCKS = YES;
				GCC_WARN_64_TO_32_BIT_CONVERSION = YES;
				GCC_WARN_ABOUT_RETURN_TYPE = YES_ERROR;
				GCC_WARN_UNDECLARED_SELECTOR = YES;
				GCC_WARN_UNINITIALIZED_AUTOS = YES_AGGRESSIVE;
				GCC_WARN_UNUSED_FUNCTION = YES;
				GCC_WARN_UNUSED_VARIABLE = YES;
				IPHONEOS_DEPLOYMENT_TARGET = 15.0;
				MTL_ENABLE_DEBUG_INFO = NO;
				MTL_FAST_MATH = YES;
				SDKROOT = iphoneos;
				SWIFT_COMPILATION_MODE = wholemodule;
				SWIFT_OPTIMIZATION_LEVEL = "-O";
				VALIDATE_PRODUCT = YES;
			};
			name = Release;
		};
		BC65D69428AA995900DCECA1 /* Debug */ = {
			isa = XCBuildConfiguration;
			baseConfigurationReference = EF5A82575C4D51ACCB5B1268 /* Pods-Mixtape.debug.xcconfig */;
			buildSettings = {
				ASSETCATALOG_COMPILER_APPICON_NAME = AppIcon;
				ASSETCATALOG_COMPILER_GLOBAL_ACCENT_COLOR_NAME = AccentColor;
				ASSETCATALOG_COMPILER_INCLUDE_ALL_APPICON_ASSETS = NO;
				CODE_SIGN_IDENTITY = "Apple Development";
				CODE_SIGN_STYLE = Automatic;
				CURRENT_PROJECT_VERSION = 1;
				DEVELOPMENT_TEAM = 64D658W2US;
				GENERATE_INFOPLIST_FILE = YES;
				INFOPLIST_FILE = Mixtape/Info.plist;
				INFOPLIST_KEY_CFBundleDisplayName = Mixtape;
				INFOPLIST_KEY_UIApplicationSupportsIndirectInputEvents = YES;
				INFOPLIST_KEY_UILaunchStoryboardName = LaunchScreen;
				INFOPLIST_KEY_UIMainStoryboardFile = Intro;
				INFOPLIST_KEY_UISupportedInterfaceOrientations_iPad = "UIInterfaceOrientationPortrait UIInterfaceOrientationPortraitUpsideDown UIInterfaceOrientationLandscapeLeft UIInterfaceOrientationLandscapeRight";
				INFOPLIST_KEY_UISupportedInterfaceOrientations_iPhone = "UIInterfaceOrientationPortrait UIInterfaceOrientationLandscapeLeft UIInterfaceOrientationLandscapeRight";
				IPHONEOS_DEPLOYMENT_TARGET = 15.0;
				LD_RUNPATH_SEARCH_PATHS = (
					"$(inherited)",
					"@executable_path/Frameworks",
				);
				MARKETING_VERSION = 1.0;
				PRODUCT_BUNDLE_IDENTIFIER = "com.inbar-darshani.mixtape";
				PRODUCT_NAME = "$(TARGET_NAME)";
				PROVISIONING_PROFILE_SPECIFIER = "";
				SWIFT_EMIT_LOC_STRINGS = YES;
				SWIFT_VERSION = 5.0;
				TARGETED_DEVICE_FAMILY = "1,2";
			};
			name = Debug;
		};
		BC65D69528AA995900DCECA1 /* Release */ = {
			isa = XCBuildConfiguration;
			baseConfigurationReference = 73A77101DD76645C54643C2D /* Pods-Mixtape.release.xcconfig */;
			buildSettings = {
				ASSETCATALOG_COMPILER_APPICON_NAME = AppIcon;
				ASSETCATALOG_COMPILER_GLOBAL_ACCENT_COLOR_NAME = AccentColor;
				ASSETCATALOG_COMPILER_INCLUDE_ALL_APPICON_ASSETS = NO;
				CODE_SIGN_IDENTITY = "Apple Development";
				CODE_SIGN_STYLE = Automatic;
				CURRENT_PROJECT_VERSION = 1;
				DEVELOPMENT_TEAM = 64D658W2US;
				GENERATE_INFOPLIST_FILE = YES;
				INFOPLIST_FILE = Mixtape/Info.plist;
				INFOPLIST_KEY_CFBundleDisplayName = Mixtape;
				INFOPLIST_KEY_UIApplicationSupportsIndirectInputEvents = YES;
				INFOPLIST_KEY_UILaunchStoryboardName = LaunchScreen;
				INFOPLIST_KEY_UIMainStoryboardFile = Intro;
				INFOPLIST_KEY_UISupportedInterfaceOrientations_iPad = "UIInterfaceOrientationPortrait UIInterfaceOrientationPortraitUpsideDown UIInterfaceOrientationLandscapeLeft UIInterfaceOrientationLandscapeRight";
				INFOPLIST_KEY_UISupportedInterfaceOrientations_iPhone = "UIInterfaceOrientationPortrait UIInterfaceOrientationLandscapeLeft UIInterfaceOrientationLandscapeRight";
				IPHONEOS_DEPLOYMENT_TARGET = 15.0;
				LD_RUNPATH_SEARCH_PATHS = (
					"$(inherited)",
					"@executable_path/Frameworks",
				);
				MARKETING_VERSION = 1.0;
				PRODUCT_BUNDLE_IDENTIFIER = "com.inbar-darshani.mixtape";
				PRODUCT_NAME = "$(TARGET_NAME)";
				PROVISIONING_PROFILE_SPECIFIER = "";
				SWIFT_EMIT_LOC_STRINGS = YES;
				SWIFT_VERSION = 5.0;
				TARGETED_DEVICE_FAMILY = "1,2";
			};
			name = Release;
		};
/* End XCBuildConfiguration section */

/* Begin XCConfigurationList section */
		BC65D67728AA995400DCECA1 /* Build configuration list for PBXProject "Mixtape" */ = {
			isa = XCConfigurationList;
			buildConfigurations = (
				BC65D69128AA995900DCECA1 /* Debug */,
				BC65D69228AA995900DCECA1 /* Release */,
			);
			defaultConfigurationIsVisible = 0;
			defaultConfigurationName = Release;
		};
		BC65D69328AA995900DCECA1 /* Build configuration list for PBXNativeTarget "Mixtape" */ = {
			isa = XCConfigurationList;
			buildConfigurations = (
				BC65D69428AA995900DCECA1 /* Debug */,
				BC65D69528AA995900DCECA1 /* Release */,
			);
			defaultConfigurationIsVisible = 0;
			defaultConfigurationName = Release;
		};
/* End XCConfigurationList section */

/* Begin XCRemoteSwiftPackageReference section */
		BCA642AE28B3977C003F1F25 /* XCRemoteSwiftPackageReference "SwiftyGif" */ = {
			isa = XCRemoteSwiftPackageReference;
			repositoryURL = "https://github.com/kirualex/SwiftyGif.git";
			requirement = {
				kind = upToNextMajorVersion;
				minimumVersion = 5.0.0;
			};
		};
		BCA8983328BBF36F000BCC28 /* XCRemoteSwiftPackageReference "RSSelectionMenu" */ = {
			isa = XCRemoteSwiftPackageReference;
			repositoryURL = "https://github.com/rushisangani/RSSelectionMenu.git";
			requirement = {
				kind = upToNextMajorVersion;
				minimumVersion = 7.0.0;
			};
		};
		BCA8983628BBF6AB000BCC28 /* XCRemoteSwiftPackageReference "iOSDropDown" */ = {
			isa = XCRemoteSwiftPackageReference;
			repositoryURL = "https://github.com/jriosdev/iOSDropDown.git";
			requirement = {
				kind = upToNextMajorVersion;
				minimumVersion = 0.4.0;
			};
		};
		BCA8983928BC040F000BCC28 /* XCRemoteSwiftPackageReference "firebase-ios-sdk" */ = {
			isa = XCRemoteSwiftPackageReference;
			repositoryURL = "https://github.com/firebase/firebase-ios-sdk";
			requirement = {
				kind = upToNextMajorVersion;
				minimumVersion = 9.0.0;
			};
		};
		BCD0AF1928AC17C400AC7337 /* XCRemoteSwiftPackageReference "Kingfisher" */ = {
			isa = XCRemoteSwiftPackageReference;
			repositoryURL = "https://github.com/onevcat/Kingfisher.git";
			requirement = {
				kind = upToNextMajorVersion;
				minimumVersion = 7.0.0;
			};
		};
/* End XCRemoteSwiftPackageReference section */

/* Begin XCSwiftPackageProductDependency section */
		BCA642AF28B3977D003F1F25 /* SwiftyGif */ = {
			isa = XCSwiftPackageProductDependency;
			package = BCA642AE28B3977C003F1F25 /* XCRemoteSwiftPackageReference "SwiftyGif" */;
			productName = SwiftyGif;
		};
		BCA8983428BBF370000BCC28 /* RSSelectionMenu */ = {
			isa = XCSwiftPackageProductDependency;
			package = BCA8983328BBF36F000BCC28 /* XCRemoteSwiftPackageReference "RSSelectionMenu" */;
			productName = RSSelectionMenu;
		};
		BCA8983728BBF6AC000BCC28 /* iOSDropDown */ = {
			isa = XCSwiftPackageProductDependency;
			package = BCA8983628BBF6AB000BCC28 /* XCRemoteSwiftPackageReference "iOSDropDown" */;
			productName = iOSDropDown;
		};
		BCA8983A28BC040F000BCC28 /* FirebaseAnalytics */ = {
			isa = XCSwiftPackageProductDependency;
			package = BCA8983928BC040F000BCC28 /* XCRemoteSwiftPackageReference "firebase-ios-sdk" */;
			productName = FirebaseAnalytics;
		};
		BCA8983C28BC040F000BCC28 /* FirebaseAnalyticsOnDeviceConversion */ = {
			isa = XCSwiftPackageProductDependency;
			package = BCA8983928BC040F000BCC28 /* XCRemoteSwiftPackageReference "firebase-ios-sdk" */;
			productName = FirebaseAnalyticsOnDeviceConversion;
		};
		BCA8983E28BC040F000BCC28 /* FirebaseAnalyticsSwift */ = {
			isa = XCSwiftPackageProductDependency;
			package = BCA8983928BC040F000BCC28 /* XCRemoteSwiftPackageReference "firebase-ios-sdk" */;
			productName = FirebaseAnalyticsSwift;
		};
		BCA8984028BC040F000BCC28 /* FirebaseAnalyticsWithoutAdIdSupport */ = {
			isa = XCSwiftPackageProductDependency;
			package = BCA8983928BC040F000BCC28 /* XCRemoteSwiftPackageReference "firebase-ios-sdk" */;
			productName = FirebaseAnalyticsWithoutAdIdSupport;
		};
		BCA8984228BC040F000BCC28 /* FirebaseAppCheck */ = {
			isa = XCSwiftPackageProductDependency;
			package = BCA8983928BC040F000BCC28 /* XCRemoteSwiftPackageReference "firebase-ios-sdk" */;
			productName = FirebaseAppCheck;
		};
		BCA8984428BC040F000BCC28 /* FirebaseAppDistribution-Beta */ = {
			isa = XCSwiftPackageProductDependency;
			package = BCA8983928BC040F000BCC28 /* XCRemoteSwiftPackageReference "firebase-ios-sdk" */;
			productName = "FirebaseAppDistribution-Beta";
		};
		BCA8984628BC040F000BCC28 /* FirebaseAuth */ = {
			isa = XCSwiftPackageProductDependency;
			package = BCA8983928BC040F000BCC28 /* XCRemoteSwiftPackageReference "firebase-ios-sdk" */;
			productName = FirebaseAuth;
		};
		BCA8984828BC040F000BCC28 /* FirebaseAuthCombine-Community */ = {
			isa = XCSwiftPackageProductDependency;
			package = BCA8983928BC040F000BCC28 /* XCRemoteSwiftPackageReference "firebase-ios-sdk" */;
			productName = "FirebaseAuthCombine-Community";
		};
		BCA8984A28BC040F000BCC28 /* FirebaseCrashlytics */ = {
			isa = XCSwiftPackageProductDependency;
			package = BCA8983928BC040F000BCC28 /* XCRemoteSwiftPackageReference "firebase-ios-sdk" */;
			productName = FirebaseCrashlytics;
		};
		BCA8984C28BC040F000BCC28 /* FirebaseDatabase */ = {
			isa = XCSwiftPackageProductDependency;
			package = BCA8983928BC040F000BCC28 /* XCRemoteSwiftPackageReference "firebase-ios-sdk" */;
			productName = FirebaseDatabase;
		};
		BCA8984E28BC040F000BCC28 /* FirebaseDatabaseSwift */ = {
			isa = XCSwiftPackageProductDependency;
			package = BCA8983928BC040F000BCC28 /* XCRemoteSwiftPackageReference "firebase-ios-sdk" */;
			productName = FirebaseDatabaseSwift;
		};
		BCA8985028BC040F000BCC28 /* FirebaseDynamicLinks */ = {
			isa = XCSwiftPackageProductDependency;
			package = BCA8983928BC040F000BCC28 /* XCRemoteSwiftPackageReference "firebase-ios-sdk" */;
			productName = FirebaseDynamicLinks;
		};
		BCA8985228BC040F000BCC28 /* FirebaseFirestore */ = {
			isa = XCSwiftPackageProductDependency;
			package = BCA8983928BC040F000BCC28 /* XCRemoteSwiftPackageReference "firebase-ios-sdk" */;
			productName = FirebaseFirestore;
		};
		BCA8985428BC040F000BCC28 /* FirebaseFirestoreCombine-Community */ = {
			isa = XCSwiftPackageProductDependency;
			package = BCA8983928BC040F000BCC28 /* XCRemoteSwiftPackageReference "firebase-ios-sdk" */;
			productName = "FirebaseFirestoreCombine-Community";
		};
		BCA8985628BC040F000BCC28 /* FirebaseFirestoreSwift */ = {
			isa = XCSwiftPackageProductDependency;
			package = BCA8983928BC040F000BCC28 /* XCRemoteSwiftPackageReference "firebase-ios-sdk" */;
			productName = FirebaseFirestoreSwift;
		};
		BCA8985828BC040F000BCC28 /* FirebaseFunctions */ = {
			isa = XCSwiftPackageProductDependency;
			package = BCA8983928BC040F000BCC28 /* XCRemoteSwiftPackageReference "firebase-ios-sdk" */;
			productName = FirebaseFunctions;
		};
		BCA8985A28BC040F000BCC28 /* FirebaseFunctionsCombine-Community */ = {
			isa = XCSwiftPackageProductDependency;
			package = BCA8983928BC040F000BCC28 /* XCRemoteSwiftPackageReference "firebase-ios-sdk" */;
			productName = "FirebaseFunctionsCombine-Community";
		};
		BCA8985C28BC040F000BCC28 /* FirebaseInAppMessaging-Beta */ = {
			isa = XCSwiftPackageProductDependency;
			package = BCA8983928BC040F000BCC28 /* XCRemoteSwiftPackageReference "firebase-ios-sdk" */;
			productName = "FirebaseInAppMessaging-Beta";
		};
		BCA8985E28BC040F000BCC28 /* FirebaseInAppMessagingSwift-Beta */ = {
			isa = XCSwiftPackageProductDependency;
			package = BCA8983928BC040F000BCC28 /* XCRemoteSwiftPackageReference "firebase-ios-sdk" */;
			productName = "FirebaseInAppMessagingSwift-Beta";
		};
		BCA8986028BC040F000BCC28 /* FirebaseInstallations */ = {
			isa = XCSwiftPackageProductDependency;
			package = BCA8983928BC040F000BCC28 /* XCRemoteSwiftPackageReference "firebase-ios-sdk" */;
			productName = FirebaseInstallations;
		};
		BCA8986228BC040F000BCC28 /* FirebaseMLModelDownloader */ = {
			isa = XCSwiftPackageProductDependency;
			package = BCA8983928BC040F000BCC28 /* XCRemoteSwiftPackageReference "firebase-ios-sdk" */;
			productName = FirebaseMLModelDownloader;
		};
		BCA8986428BC040F000BCC28 /* FirebaseMessaging */ = {
			isa = XCSwiftPackageProductDependency;
			package = BCA8983928BC040F000BCC28 /* XCRemoteSwiftPackageReference "firebase-ios-sdk" */;
			productName = FirebaseMessaging;
		};
		BCA8986628BC040F000BCC28 /* FirebasePerformance */ = {
			isa = XCSwiftPackageProductDependency;
			package = BCA8983928BC040F000BCC28 /* XCRemoteSwiftPackageReference "firebase-ios-sdk" */;
			productName = FirebasePerformance;
		};
		BCA8986828BC040F000BCC28 /* FirebaseRemoteConfig */ = {
			isa = XCSwiftPackageProductDependency;
			package = BCA8983928BC040F000BCC28 /* XCRemoteSwiftPackageReference "firebase-ios-sdk" */;
			productName = FirebaseRemoteConfig;
		};
		BCA8986A28BC040F000BCC28 /* FirebaseRemoteConfigSwift */ = {
			isa = XCSwiftPackageProductDependency;
			package = BCA8983928BC040F000BCC28 /* XCRemoteSwiftPackageReference "firebase-ios-sdk" */;
			productName = FirebaseRemoteConfigSwift;
		};
		BCA8986C28BC040F000BCC28 /* FirebaseStorage */ = {
			isa = XCSwiftPackageProductDependency;
			package = BCA8983928BC040F000BCC28 /* XCRemoteSwiftPackageReference "firebase-ios-sdk" */;
			productName = FirebaseStorage;
		};
		BCA8986E28BC040F000BCC28 /* FirebaseStorageCombine-Community */ = {
			isa = XCSwiftPackageProductDependency;
			package = BCA8983928BC040F000BCC28 /* XCRemoteSwiftPackageReference "firebase-ios-sdk" */;
			productName = "FirebaseStorageCombine-Community";
		};
		BCD0AF1A28AC17C400AC7337 /* Kingfisher */ = {
			isa = XCSwiftPackageProductDependency;
			package = BCD0AF1928AC17C400AC7337 /* XCRemoteSwiftPackageReference "Kingfisher" */;
			productName = Kingfisher;
		};
/* End XCSwiftPackageProductDependency section */

/* Begin XCVersionGroup section */
		BC60EFEC28AAD61200DD35DB /* DataModel.xcdatamodeld */ = {
			isa = XCVersionGroup;
			children = (
				BC60EFED28AAD61200DD35DB /* DataModel.xcdatamodel */,
			);
			currentVersion = BC60EFED28AAD61200DD35DB /* DataModel.xcdatamodel */;
			path = DataModel.xcdatamodeld;
			sourceTree = "<group>";
			versionGroupType = wrapper.xcdatamodel;
		};
/* End XCVersionGroup section */
	};
	rootObject = BC65D67428AA995400DCECA1 /* Project object */;
}
